
Microsoft Visual Studio Solution File, Format Version 12.00
# Visual Studio Version 17
VisualStudioVersion = 17.7.34024.191
MinimumVisualStudioVersion = 10.0.40219.1
Project("{FAE04EC0-301F-11D3-BF4B-00C04F79EFBC}") = "ConsoleApp2", "ConsoleApp2\ConsoleApp2.csproj", "{A679A273-3EF3-4FCF-B49E-8039198D4871}"
EndProject
Global
	GlobalSection(SolutionConfigurationPlatforms) = preSolution
		Debug|Any CPU = Debug|Any CPU
		Release|Any CPU = Release|Any CPU
	EndGlobalSection
	GlobalSection(ProjectConfigurationPlatforms) = postSolution
		{A679A273-3EF3-4FCF-B49E-8039198D4871}.Debug|Any CPU.ActiveCfg = Debug|Any CPU
		{A679A273-3EF3-4FCF-B49E-8039198D4871}.Debug|Any CPU.Build.0 = Debug|Any CPU
		{A679A273-3EF3-4FCF-B49E-8039198D4871}.Release|Any CPU.ActiveCfg = Release|Any CPU
		{A679A273-3EF3-4FCF-B49E-8039198D4871}.Release|Any CPU.Build.0 = Release|Any CPU
	EndGlobalSection
	GlobalSection(SolutionProperties) = preSolution
		HideSolutionNode = FALSE
	EndGlobalSection
	GlobalSection(ExtensibilityGlobals) = postSolution
		SolutionGuid = {1CFC9406-D8EC-4FB7-AF68-50B4B9D78507}
	EndGlobalSection
EndGlobal
